
Microsoft Visual Studio Solution File, Format Version 12.00
# Visual Studio 15
VisualStudioVersion = 15.0.26430.16
MinimumVisualStudioVersion = 10.0.40219.1
Project("{FAE04EC0-301F-11D3-BF4B-00C04F79EFBC}") = "ApiJobMarket", "ApiJobMarket\ApiJobMarket.csproj", "{B049670C-750F-4CEB-9896-5137B421E4BE}"
EndProject
Project("{2150E333-8FDC-42A3-9474-1A3956D46DE8}") = "Solution Items", "Solution Items", "{F06FA208-34B9-49D9-87CE-1A0054DF0E13}"
EndProject
Project("{FAE04EC0-301F-11D3-BF4B-00C04F79EFBC}") = "ApiJobMarket.DB.Sql", "ApiJobMarket.DB.Sql\ApiJobMarket.DB.Sql.csproj", "{A6E67CB5-3B14-4962-86E1-D8BAB1A2A250}"
EndProject
Project("{FAE04EC0-301F-11D3-BF4B-00C04F79EFBC}") = "ApiJobMarket.ShareLibs", "ApiJobMarket.ShareLibs\ApiJobMarket.ShareLibs.csproj", "{D598A2D6-4147-4BF0-BBB7-6BB39EAE5C4A}"
EndProject
Project("{FAE04EC0-301F-11D3-BF4B-00C04F79EFBC}") = "ApiJobMarket.DB.Sql.Entities", "ApiJobMarket.DB.Sql.Entities\ApiJobMarket.DB.Sql.Entities.csproj", "{4AC5399A-A431-47FB-B535-E094ABCF33D8}"
EndProject
Global
	GlobalSection(SolutionConfigurationPlatforms) = preSolution
		Debug|Any CPU = Debug|Any CPU
		Release|Any CPU = Release|Any CPU
	EndGlobalSection
	GlobalSection(ProjectConfigurationPlatforms) = postSolution
		{B049670C-750F-4CEB-9896-5137B421E4BE}.Debug|Any CPU.ActiveCfg = Debug|Any CPU
		{B049670C-750F-4CEB-9896-5137B421E4BE}.Debug|Any CPU.Build.0 = Debug|Any CPU
		{B049670C-750F-4CEB-9896-5137B421E4BE}.Release|Any CPU.ActiveCfg = Release|Any CPU
		{B049670C-750F-4CEB-9896-5137B421E4BE}.Release|Any CPU.Build.0 = Release|Any CPU
		{A6E67CB5-3B14-4962-86E1-D8BAB1A2A250}.Debug|Any CPU.ActiveCfg = Debug|Any CPU
		{A6E67CB5-3B14-4962-86E1-D8BAB1A2A250}.Debug|Any CPU.Build.0 = Debug|Any CPU
		{A6E67CB5-3B14-4962-86E1-D8BAB1A2A250}.Release|Any CPU.ActiveCfg = Release|Any CPU
		{A6E67CB5-3B14-4962-86E1-D8BAB1A2A250}.Release|Any CPU.Build.0 = Release|Any CPU
		{D598A2D6-4147-4BF0-BBB7-6BB39EAE5C4A}.Debug|Any CPU.ActiveCfg = Debug|Any CPU
		{D598A2D6-4147-4BF0-BBB7-6BB39EAE5C4A}.Debug|Any CPU.Build.0 = Debug|Any CPU
		{D598A2D6-4147-4BF0-BBB7-6BB39EAE5C4A}.Release|Any CPU.ActiveCfg = Release|Any CPU
		{D598A2D6-4147-4BF0-BBB7-6BB39EAE5C4A}.Release|Any CPU.Build.0 = Release|Any CPU
		{4AC5399A-A431-47FB-B535-E094ABCF33D8}.Debug|Any CPU.ActiveCfg = Debug|Any CPU
		{4AC5399A-A431-47FB-B535-E094ABCF33D8}.Debug|Any CPU.Build.0 = Debug|Any CPU
		{4AC5399A-A431-47FB-B535-E094ABCF33D8}.Release|Any CPU.ActiveCfg = Release|Any CPU
		{4AC5399A-A431-47FB-B535-E094ABCF33D8}.Release|Any CPU.Build.0 = Release|Any CPU
	EndGlobalSection
	GlobalSection(SolutionProperties) = preSolution
		HideSolutionNode = FALSE
	EndGlobalSection
	GlobalSection(ExtensibilityGlobals) = postSolution
		SolutionGuid = {B62E6251-DE0B-4433-9234-09C759BCADEF}
	EndGlobalSection
EndGlobal
